// !$*UTF8*$!
{
	archiveVersion = 1;
	classes = {
	};
	objectVersion = 55;
	objects = {

/* Begin PBXBuildFile section */
		1D8C83B9276081630061D276 /* main.swift in Sources */ = {isa = PBXBuildFile; fileRef = 1D8C83B8276081630061D276 /* main.swift */; };
		1D8C83C02761B6360061D276 /* Reminder.swift in Sources */ = {isa = PBXBuildFile; fileRef = 1D8C83BF2761B6360061D276 /* Reminder.swift */; };
		1D8C83C2276328E60061D276 /* Printer.swift in Sources */ = {isa = PBXBuildFile; fileRef = 1D8C83C1276328E60061D276 /* Printer.swift */; };
		1DBA07502763361B0076C4C5 /* Defaults.swift in Sources */ = {isa = PBXBuildFile; fileRef = 1DBA074F2763361B0076C4C5 /* Defaults.swift */; };
		1DBA075227671F280076C4C5 /* Input.swift in Sources */ = {isa = PBXBuildFile; fileRef = 1DBA075127671F280076C4C5 /* Input.swift */; };
		1DBA0754276765470076C4C5 /* ReminderController.swift in Sources */ = {isa = PBXBuildFile; fileRef = 1DBA0753276765470076C4C5 /* ReminderController.swift */; };
		1DBA0756276765970076C4C5 /* ReminderDB.swift in Sources */ = {isa = PBXBuildFile; fileRef = 1DBA0755276765970076C4C5 /* ReminderDB.swift */; };
/* End PBXBuildFile section */

/* Begin PBXCopyFilesBuildPhase section */
		1D8C83B3276081630061D276 /* CopyFiles */ = {
			isa = PBXCopyFilesBuildPhase;
			buildActionMask = 2147483647;
			dstPath = /usr/share/man/man1/;
			dstSubfolderSpec = 0;
			files = (
			);
			runOnlyForDeploymentPostprocessing = 1;
		};
/* End PBXCopyFilesBuildPhase section */

/* Begin PBXFileReference section */
		1D8C83B5276081630061D276 /* ReminderCommandLineApp */ = {isa = PBXFileReference; explicitFileType = "compiled.mach-o.executable"; includeInIndex = 0; path = ReminderCommandLineApp; sourceTree = BUILT_PRODUCTS_DIR; };
		1D8C83B8276081630061D276 /* main.swift */ = {isa = PBXFileReference; lastKnownFileType = sourcecode.swift; path = main.swift; sourceTree = "<group>"; };
		1D8C83BF2761B6360061D276 /* Reminder.swift */ = {isa = PBXFileReference; lastKnownFileType = sourcecode.swift; path = Reminder.swift; sourceTree = "<group>"; };
		1D8C83C1276328E60061D276 /* Printer.swift */ = {isa = PBXFileReference; lastKnownFileType = sourcecode.swift; path = Printer.swift; sourceTree = "<group>"; };
		1DBA074F2763361B0076C4C5 /* Defaults.swift */ = {isa = PBXFileReference; lastKnownFileType = sourcecode.swift; path = Defaults.swift; sourceTree = "<group>"; };
		1DBA075127671F280076C4C5 /* Input.swift */ = {isa = PBXFileReference; lastKnownFileType = sourcecode.swift; path = Input.swift; sourceTree = "<group>"; };
		1DBA0753276765470076C4C5 /* ReminderController.swift */ = {isa = PBXFileReference; lastKnownFileType = sourcecode.swift; path = ReminderController.swift; sourceTree = "<group>"; };
		1DBA0755276765970076C4C5 /* ReminderDB.swift */ = {isa = PBXFileReference; lastKnownFileType = sourcecode.swift; path = ReminderDB.swift; sourceTree = "<group>"; };
/* End PBXFileReference section */

/* Begin PBXFrameworksBuildPhase section */
		1D8C83B2276081630061D276 /* Frameworks */ = {
			isa = PBXFrameworksBuildPhase;
			buildActionMask = 2147483647;
			files = (
			);
			runOnlyForDeploymentPostprocessing = 0;
		};
/* End PBXFrameworksBuildPhase section */

/* Begin PBXGroup section */
		1D8C83AC276081630061D276 = {
			isa = PBXGroup;
			children = (
				1D8C83B7276081630061D276 /* ReminderCommandLineApp */,
				1D8C83B6276081630061D276 /* Products */,
			);
			sourceTree = "<group>";
		};
		1D8C83B6276081630061D276 /* Products */ = {
			isa = PBXGroup;
			children = (
				1D8C83B5276081630061D276 /* ReminderCommandLineApp */,
			);
			name = Products;
			sourceTree = "<group>";
		};
		1D8C83B7276081630061D276 /* ReminderCommandLineApp */ = {
			isa = PBXGroup;
			children = (
				1DBA0755276765970076C4C5 /* ReminderDB.swift */,
				1DBA0753276765470076C4C5 /* ReminderController.swift */,
				1DBA075127671F280076C4C5 /* Input.swift */,
				1DBA074F2763361B0076C4C5 /* Defaults.swift */,
				1D8C83C1276328E60061D276 /* Printer.swift */,
				1D8C83BF2761B6360061D276 /* Reminder.swift */,
				1D8C83B8276081630061D276 /* main.swift */,
			);
			path = ReminderCommandLineApp;
			sourceTree = "<group>";
		};
/* End PBXGroup section */

/* Begin PBXNativeTarget section */
		1D8C83B4276081630061D276 /* ReminderCommandLineApp */ = {
			isa = PBXNativeTarget;
			buildConfigurationList = 1D8C83BC276081630061D276 /* Build configuration list for PBXNativeTarget "ReminderCommandLineApp" */;
			buildPhases = (
				1D8C83B1276081630061D276 /* Sources */,
				1D8C83B2276081630061D276 /* Frameworks */,
				1D8C83B3276081630061D276 /* CopyFiles */,
			);
			buildRules = (
			);
			dependencies = (
			);
			name = ReminderCommandLineApp;
			productName = ReminderCommandLineApp;
			productReference = 1D8C83B5276081630061D276 /* ReminderCommandLineApp */;
			productType = "com.apple.product-type.tool";
		};
/* End PBXNativeTarget section */

/* Begin PBXProject section */
		1D8C83AD276081630061D276 /* Project object */ = {
			isa = PBXProject;
			attributes = {
				BuildIndependentTargetsInParallel = 1;
				LastSwiftUpdateCheck = 1310;
				LastUpgradeCheck = 1310;
				TargetAttributes = {
					1D8C83B4276081630061D276 = {
						CreatedOnToolsVersion = 13.1;
					};
				};
			};
			buildConfigurationList = 1D8C83B0276081630061D276 /* Build configuration list for PBXProject "ReminderCommandLineApp" */;
			compatibilityVersion = "Xcode 13.0";
			developmentRegion = en;
			hasScannedForEncodings = 0;
			knownRegions = (
				en,
				Base,
			);
			mainGroup = 1D8C83AC276081630061D276;
			productRefGroup = 1D8C83B6276081630061D276 /* Products */;
			projectDirPath = "";
			projectRoot = "";
			targets = (
				1D8C83B4276081630061D276 /* ReminderCommandLineApp */,
			);
		};
/* End PBXProject section */

/* Begin PBXSourcesBuildPhase section */
		1D8C83B1276081630061D276 /* Sources */ = {
			isa = PBXSourcesBuildPhase;
			buildActionMask = 2147483647;
			files = (
				1DBA075227671F280076C4C5 /* Input.swift in Sources */,
				1D8C83C2276328E60061D276 /* Printer.swift in Sources */,
				1DBA0756276765970076C4C5 /* ReminderDB.swift in Sources */,
				1DBA07502763361B0076C4C5 /* Defaults.swift in Sources */,
				1D8C83B9276081630061D276 /* main.swift in Sources */,
				1D8C83C02761B6360061D276 /* Reminder.swift in Sources */,
				1DBA0754276765470076C4C5 /* ReminderController.swift in Sources */,
			);
			runOnlyForDeploymentPostprocessing = 0;
		};
/* End PBXSourcesBuildPhase section */

/* Begin XCBuildConfiguration section */
		1D8C83BA276081630061D276 /* Debug */ = {
			isa = XCBuildConfiguration;
			buildSettings = {
				ALWAYS_SEARCH_USER_PATHS = NO;
				CLANG_ANALYZER_NONNULL = YES;
				CLANG_ANALYZER_NUMBER_OBJECT_CONVERSION = YES_AGGRESSIVE;
				CLANG_CXX_LANGUAGE_STANDARD = "gnu++17";
				CLANG_CXX_LIBRARY = "libc++";
				CLANG_ENABLE_MODULES = YES;
				CLANG_ENABLE_OBJC_ARC = YES;
				CLANG_ENABLE_OBJC_WEAK = YES;
				CLANG_WARN_BLOCK_CAPTURE_AUTORELEASING = YES;
				CLANG_WARN_BOOL_CONVERSION = YES;
				CLANG_WARN_COMMA = YES;
				CLANG_WARN_CONSTANT_CONVERSION = YES;
				CLANG_WARN_DEPRECATED_OBJC_IMPLEMENTATIONS = YES;
				CLANG_WARN_DIRECT_OBJC_ISA_USAGE = YES_ERROR;
				CLANG_WARN_DOCUMENTATION_COMMENTS = YES;
				CLANG_WARN_EMPTY_BODY = YES;
				CLANG_WARN_ENUM_CONVERSION = YES;
				CLANG_WARN_INFINITE_RECURSION = YES;
				CLANG_WARN_INT_CONVERSION = YES;
				CLANG_WARN_NON_LITERAL_NULL_CONVERSION = YES;
				CLANG_WARN_OBJC_IMPLICIT_RETAIN_SELF = YES;
				CLANG_WARN_OBJC_LITERAL_CONVERSION = YES;
				CLANG_WARN_OBJC_ROOT_CLASS = YES_ERROR;
				CLANG_WARN_QUOTED_INCLUDE_IN_FRAMEWORK_HEADER = YES;
				CLANG_WARN_RANGE_LOOP_ANALYSIS = YES;
				CLANG_WARN_STRICT_PROTOTYPES = YES;
				CLANG_WARN_SUSPICIOUS_MOVE = YES;
				CLANG_WARN_UNGUARDED_AVAILABILITY = YES_AGGRESSIVE;
				CLANG_WARN_UNREACHABLE_CODE = YES;
				CLANG_WARN__DUPLICATE_METHOD_MATCH = YES;
				COPY_PHASE_STRIP = NO;
				DEBUG_INFORMATION_FORMAT = dwarf;
				ENABLE_STRICT_OBJC_MSGSEND = YES;
				ENABLE_TESTABILITY = YES;
				GCC_C_LANGUAGE_STANDARD = gnu11;
				GCC_DYNAMIC_NO_PIC = NO;
				GCC_NO_COMMON_BLOCKS = YES;
				GCC_OPTIMIZATION_LEVEL = 0;
				GCC_PREPROCESSOR_DEFINITIONS = (
					"DEBUG=1",
					"$(inherited)",
				);
				GCC_WARN_64_TO_32_BIT_CONVERSION = YES;
				GCC_WARN_ABOUT_RETURN_TYPE = YES_ERROR;
				GCC_WARN_UNDECLARED_SELECTOR = YES;
				GCC_WARN_UNINITIALIZED_AUTOS = YES_AGGRESSIVE;
				GCC_WARN_UNUSED_FUNCTION = YES;
				GCC_WARN_UNUSED_VARIABLE = YES;
				MACOSX_DEPLOYMENT_TARGET = 12.0;
				MTL_ENABLE_DEBUG_INFO = INCLUDE_SOURCE;
				MTL_FAST_MATH = YES;
				ONLY_ACTIVE_ARCH = YES;
				SDKROOT = macosx;
				SWIFT_ACTIVE_COMPILATION_CONDITIONS = DEBUG;
				SWIFT_OPTIMIZATION_LEVEL = "-Onone";
			};
			name = Debug;
		};
		1D8C83BB276081630061D276 /* Release */ = {
			isa = XCBuildConfiguration;
			buildSettings = {
				ALWAYS_SEARCH_USER_PATHS = NO;
				CLANG_ANALYZER_NONNULL = YES;
				CLANG_ANALYZER_NUMBER_OBJECT_CONVERSION = YES_AGGRESSIVE;
				CLANG_CXX_LANGUAGE_STANDARD = "gnu++17";
				CLANG_CXX_LIBRARY = "libc++";
				CLANG_ENABLE_MODULES = YES;
				CLANG_ENABLE_OBJC_ARC = YES;
				CLANG_ENABLE_OBJC_WEAK = YES;
				CLANG_WARN_BLOCK_CAPTURE_AUTORELEASING = YES;
				CLANG_WARN_BOOL_CONVERSION = YES;
				CLANG_WARN_COMMA = YES;
				CLANG_WARN_CONSTANT_CONVERSION = YES;
				CLANG_WARN_DEPRECATED_OBJC_IMPLEMENTATIONS = YES;
				CLANG_WARN_DIRECT_OBJC_ISA_USAGE = YES_ERROR;
				CLANG_WARN_DOCUMENTATION_COMMENTS = YES;
				CLANG_WARN_EMPTY_BODY = YES;
				CLANG_WARN_ENUM_CONVERSION = YES;
				CLANG_WARN_INFINITE_RECURSION = YES;
				CLANG_WARN_INT_CONVERSION = YES;
				CLANG_WARN_NON_LITERAL_NULL_CONVERSION = YES;
				CLANG_WARN_OBJC_IMPLICIT_RETAIN_SELF = YES;
				CLANG_WARN_OBJC_LITERAL_CONVERSION = YES;
				CLANG_WARN_OBJC_ROOT_CLASS = YES_ERROR;
				CLANG_WARN_QUOTED_INCLUDE_IN_FRAMEWORK_HEADER = YES;
				CLANG_WARN_RANGE_LOOP_ANALYSIS = YES;
				CLANG_WARN_STRICT_PROTOTYPES = YES;
				CLANG_WARN_SUSPICIOUS_MOVE = YES;
				CLANG_WARN_UNGUARDED_AVAILABILITY = YES_AGGRESSIVE;
				CLANG_WARN_UNREACHABLE_CODE = YES;
				CLANG_WARN__DUPLICATE_METHOD_MATCH = YES;
				COPY_PHASE_STRIP = NO;
				DEBUG_INFORMATION_FORMAT = "dwarf-with-dsym";
				ENABLE_NS_ASSERTIONS = NO;
				ENABLE_STRICT_OBJC_MSGSEND = YES;
				GCC_C_LANGUAGE_STANDARD = gnu11;
				GCC_NO_COMMON_BLOCKS = YES;
				GCC_WARN_64_TO_32_BIT_CONVERSION = YES;
				GCC_WARN_ABOUT_RETURN_TYPE = YES_ERROR;
				GCC_WARN_UNDECLARED_SELECTOR = YES;
				GCC_WARN_UNINITIALIZED_AUTOS = YES_AGGRESSIVE;
				GCC_WARN_UNUSED_FUNCTION = YES;
				GCC_WARN_UNUSED_VARIABLE = YES;
				MACOSX_DEPLOYMENT_TARGET = 12.0;
				MTL_ENABLE_DEBUG_INFO = NO;
				MTL_FAST_MATH = YES;
				SDKROOT = macosx;
				SWIFT_COMPILATION_MODE = wholemodule;
				SWIFT_OPTIMIZATION_LEVEL = "-O";
			};
			name = Release;
		};
		1D8C83BD276081630061D276 /* Debug */ = {
			isa = XCBuildConfiguration;
			buildSettings = {
				CODE_SIGN_STYLE = Automatic;
				PRODUCT_NAME = "$(TARGET_NAME)";
				SWIFT_VERSION = 5.0;
			};
			name = Debug;
		};
		1D8C83BE276081630061D276 /* Release */ = {
			isa = XCBuildConfiguration;
			buildSettings = {
				CODE_SIGN_STYLE = Automatic;
				PRODUCT_NAME = "$(TARGET_NAME)";
				SWIFT_VERSION = 5.0;
			};
			name = Release;
		};
/* End XCBuildConfiguration section */

/* Begin XCConfigurationList section */
		1D8C83B0276081630061D276 /* Build configuration list for PBXProject "ReminderCommandLineApp" */ = {
			isa = XCConfigurationList;
			buildConfigurations = (
				1D8C83BA276081630061D276 /* Debug */,
				1D8C83BB276081630061D276 /* Release */,
			);
			defaultConfigurationIsVisible = 0;
			defaultConfigurationName = Release;
		};
		1D8C83BC276081630061D276 /* Build configuration list for PBXNativeTarget "ReminderCommandLineApp" */ = {
			isa = XCConfigurationList;
			buildConfigurations = (
				1D8C83BD276081630061D276 /* Debug */,
				1D8C83BE276081630061D276 /* Release */,
			);
			defaultConfigurationIsVisible = 0;
			defaultConfigurationName = Release;
		};
/* End XCConfigurationList section */
	};
	rootObject = 1D8C83AD276081630061D276 /* Project object */;
}
